
Microsoft Visual Studio Solution File, Format Version 12.00
# Visual Studio Version 17
VisualStudioVersion = 17.3.32825.248
MinimumVisualStudioVersion = 10.0.40219.1
Project("{9A19103F-16F7-4668-BE54-9A1E7A4F7556}") = "SimpleHttp", "SimpleHttp.csproj", "{75B1512C-621B-443B-9623-0BB489D8706B}"
EndProject
Project("{FAE04EC0-301F-11D3-BF4B-00C04F79EFBC}") = "WebSockets", "..\WebSockets\WebSockets.csproj", "{D2DBCC1D-CEF2-400B-A886-7E0D13A25F9C}"
EndProject
Global
	GlobalSection(SolutionConfigurationPlatforms) = preSolution
		Debug|Any CPU = Debug|Any CPU
		Release|Any CPU = Release|Any CPU
	EndGlobalSection
	GlobalSection(ProjectConfigurationPlatforms) = postSolution
		{75B1512C-621B-443B-9623-0BB489D8706B}.Debug|Any CPU.ActiveCfg = Debug|Any CPU
		{75B1512C-621B-443B-9623-0BB489D8706B}.Debug|Any CPU.Build.0 = Debug|Any CPU
		{75B1512C-621B-443B-9623-0BB489D8706B}.Release|Any CPU.ActiveCfg = Release|Any CPU
		{75B1512C-621B-443B-9623-0BB489D8706B}.Release|Any CPU.Build.0 = Release|Any CPU
		{D2DBCC1D-CEF2-400B-A886-7E0D13A25F9C}.Debug|Any CPU.ActiveCfg = Debug|Any CPU
		{D2DBCC1D-CEF2-400B-A886-7E0D13A25F9C}.Debug|Any CPU.Build.0 = Debug|Any CPU
		{D2DBCC1D-CEF2-400B-A886-7E0D13A25F9C}.Release|Any CPU.ActiveCfg = Release|Any CPU
		{D2DBCC1D-CEF2-400B-A886-7E0D13A25F9C}.Release|Any CPU.Build.0 = Release|Any CPU
	EndGlobalSection
	GlobalSection(SolutionProperties) = preSolution
		HideSolutionNode = FALSE
	EndGlobalSection
	GlobalSection(ExtensibilityGlobals) = postSolution
		SolutionGuid = {76BC4CBF-11D7-46F9-A8AD-EFC98D0B9A0F}
	EndGlobalSection
EndGlobal
